{
  "name": "jorge-ares-pons",
  "version": "1.0.0",
  "lockfileVersion": 3,
  "requires": true,
  "packages": {
    "": {
      "name": "jorge-ares-pons",
      "version": "1.0.0",
      "license": "ISC",
      "devDependencies": {
        "hash-and-manifest": "github:ferares/hash-and-manifest"
      }
    },
    "node_modules/hash-and-manifest": {
      "version": "1.0.2",
      "resolved": "git+ssh://git@github.com/ferares/hash-and-manifest.git#5197ae8e01cc6805742e31529e53e540c0700508",
      "dev": true,
      "license": "ISC",
      "dependencies": {
        "hasha": "^5.2.2"
      },
      "bin": {
        "hash-and-manifest": "dist/index.js"
      }
    },
    "node_modules/hasha": {
      "version": "5.2.2",
      "resolved": "https://registry.npmjs.org/hasha/-/hasha-5.2.2.tgz",
      "integrity": "sha512-Hrp5vIK/xr5SkeN2onO32H0MgNZ0f17HRNH39WfL0SYUNOTZ5Lz1TJ8Pajo/87dYGEFlLMm7mIc/k/s6Bvz9HQ==",
      "dev": true,
      "dependencies": {
        "is-stream": "^2.0.0",
        "type-fest": "^0.8.0"
      },
      "engines": {
        "node": ">=8"
      },
      "funding": {
        "url": "https://github.com/sponsors/sindresorhus"
      }
    },
    "node_modules/is-stream": {
      "version": "2.0.1",
      "resolved": "https://registry.npmjs.org/is-stream/-/is-stream-2.0.1.tgz",
      "integrity": "sha512-hFoiJiTl63nn+kstHGBtewWSKnQLpyb155KHheA1l39uvtO9nWIop1p3udqPcUd/xbF1VLMO4n7OI6p7RbngDg==",
      "dev": true,
      "engines": {
        "node": ">=8"
      },
      "funding": {
        "url": "https://github.com/sponsors/sindresorhus"
      }
    },
    "node_modules/type-fest": {
      "version": "0.8.1",
      "resolved": "https://registry.npmjs.org/type-fest/-/type-fest-0.8.1.tgz",
      "integrity": "sha512-4dbzIzqvjtgiM5rw1k5rEHtBANKmdudhGyBEajN01fEyhaAIhsoKNy6y7+IN93IfpFtwY9iqi7kD+xwKhQsNJA==",
      "dev": true,
      "engines": {
        "node": ">=8"
      }
    }
  }
}
